
Microsoft Visual Studio Solution File, Format Version 12.00
# Visual Studio Version 17
VisualStudioVersion = 17.1.32407.343
MinimumVisualStudioVersion = 10.0.40219.1
Project("{FAE04EC0-301F-11D3-BF4B-00C04F79EFBC}") = "Täring", "Täring.csproj", "{2711F618-C311-474D-9D72-58AF48412787}"
EndProject
Global
	GlobalSection(SolutionConfigurationPlatforms) = preSolution
		Debug|Any CPU = Debug|Any CPU
		Release|Any CPU = Release|Any CPU
	EndGlobalSection
	GlobalSection(ProjectConfigurationPlatforms) = postSolution
		{2711F618-C311-474D-9D72-58AF48412787}.Debug|Any CPU.ActiveCfg = Debug|Any CPU
		{2711F618-C311-474D-9D72-58AF48412787}.Debug|Any CPU.Build.0 = Debug|Any CPU
		{2711F618-C311-474D-9D72-58AF48412787}.Release|Any CPU.ActiveCfg = Release|Any CPU
		{2711F618-C311-474D-9D72-58AF48412787}.Release|Any CPU.Build.0 = Release|Any CPU
	EndGlobalSection
	GlobalSection(SolutionProperties) = preSolution
		HideSolutionNode = FALSE
	EndGlobalSection
	GlobalSection(ExtensibilityGlobals) = postSolution
		SolutionGuid = {A332A960-950C-42E6-930F-0B91CA3BBFA0}
	EndGlobalSection
EndGlobal
